<?xml version="1.0" encoding="utf-8"?>
<Project ToolsVersion="4.0" xmlns="http://schemas.microsoft.com/developer/msbuild/2003">
  <ItemGroup>
    <Filter Include="Source Files">
      <UniqueIdentifier>{4FC737F1-C7A5-4376-A066-2A32D752A2FF}</UniqueIdentifier>
      <Extensions>cpp;c;cc;cxx;def;odl;idl;hpj;bat;asm;asmx</Extensions>
    </Filter>
    <Filter Include="Drawing Board">
      <UniqueIdentifier>{e3d2ee61-bf6d-4e78-a28d-55b14ebb2b16}</UniqueIdentifier>
    </Filter>
    <Filter Include="Controller">
      <UniqueIdentifier>{7c28deaf-fbf9-46dd-a09a-b294e5421837}</UniqueIdentifier>
    </Filter>
    <Filter Include="Polygon">
      <UniqueIdentifier>{62034807-7c2e-4d64-a1c7-338cbb104127}</UniqueIdentifier>
    </Filter>
  </ItemGroup>
  <ItemGroup>
    <ClCompile Include="src\gk1_main.cpp">
      <Filter>Source Files</Filter>
    </ClCompile>
    <ClCompile Include="src\drawing_board\drawing_board.cpp">
      <Filter>Drawing Board</Filter>
    </ClCompile>
    <ClCompile Include="src\controller\polygon_controller.cpp">
      <Filter>Controller</Filter>
    </ClCompile>
    <ClCompile Include="src\polygon\polygon.cpp">
      <Filter>Polygon</Filter>
    </ClCompile>
  </ItemGroup>
  <ItemGroup>
    <ClInclude Include="src\drawing_board\drawing_board.hpp">
      <Filter>Drawing Board</Filter>
    </ClInclude>
    <ClInclude Include="src\controller\controller.hpp">
      <Filter>Controller</Filter>
    </ClInclude>
    <ClInclude Include="src\controller\polygon_controller.hpp">
      <Filter>Controller</Filter>
    </ClInclude>
    <ClInclude Include="src\polygon\polygon.hpp">
      <Filter>Polygon</Filter>
    </ClInclude>
  </ItemGroup>
</Project>