<?xml version="1.0" encoding="utf-8"?>
<Project ToolsVersion="4.0" xmlns="http://schemas.microsoft.com/developer/msbuild/2003">
  <ItemGroup>
    <Filter Include="Source Files">
      <UniqueIdentifier>{4FC737F1-C7A5-4376-A066-2A32D752A2FF}</UniqueIdentifier>
      <Extensions>cpp;c;cc;cxx;def;odl;idl;hpj;bat;asm;asmx</Extensions>
    </Filter>
    <Filter Include="Resource Files">
      <UniqueIdentifier>{67DA6AB6-F800-4c08-8B7A-83BB121AAD01}</UniqueIdentifier>
      <Extensions>rc;ico;cur;bmp;dlg;rc2;rct;bin;rgs;gif;jpg;jpeg;jpe;resx;tiff;tif;png;wav;mfcribbon-ms</Extensions>
    </Filter>
    <Filter Include="Drawable Objects">
      <UniqueIdentifier>{371af0d4-fb30-49bd-9b4b-5cd41c7ba0ac}</UniqueIdentifier>
    </Filter>
    <Filter Include="Controllers">
      <UniqueIdentifier>{98af9c75-1b04-4384-935c-653434a940b6}</UniqueIdentifier>
    </Filter>
    <Filter Include="Drawing Board">
      <UniqueIdentifier>{e3d2ee61-bf6d-4e78-a28d-55b14ebb2b16}</UniqueIdentifier>
    </Filter>
  </ItemGroup>
  <ItemGroup>
    <ClCompile Include="src\gk1_main.cpp">
      <Filter>Source Files</Filter>
    </ClCompile>
    <ClCompile Include="src\drawable_objects\point.cpp">
      <Filter>Drawable Objects</Filter>
    </ClCompile>
    <ClCompile Include="src\controllers\polygon_controller.cpp">
      <Filter>Controllers</Filter>
    </ClCompile>
    <ClCompile Include="src\drawing_board.cpp">
      <Filter>Drawing Board</Filter>
    </ClCompile>
    <ClCompile Include="src\drawable_objects\simple_line.cpp">
      <Filter>Drawable Objects</Filter>
    </ClCompile>
    <ClCompile Include="src\drawable_objects\line.cpp">
      <Filter>Source Files</Filter>
    </ClCompile>
  </ItemGroup>
  <ItemGroup>
    <ClInclude Include="src\drawable_objects\point.hpp">
      <Filter>Drawable Objects</Filter>
    </ClInclude>
    <ClInclude Include="src\controllers\controller.hpp">
      <Filter>Controllers</Filter>
    </ClInclude>
    <ClInclude Include="src\controllers\polygon_controller.hpp">
      <Filter>Controllers</Filter>
    </ClInclude>
    <ClInclude Include="src\drawing_board.hpp">
      <Filter>Drawing Board</Filter>
    </ClInclude>
    <ClInclude Include="src\drawable_objects\drawable_object.hpp">
      <Filter>Drawable Objects</Filter>
    </ClInclude>
    <ClInclude Include="src\drawable_objects\polygon.hpp">
      <Filter>Drawable Objects</Filter>
    </ClInclude>
    <ClInclude Include="src\drawable_objects\simple_line.hpp">
      <Filter>Drawable Objects</Filter>
    </ClInclude>
    <ClInclude Include="src\drawable_objects\line.hpp">
      <Filter>Drawable Objects</Filter>
    </ClInclude>
  </ItemGroup>
</Project>